// !$*UTF8*$!
{
	archiveVersion = 1;
	classes = {
	};
	objectVersion = 50;
	objects = {

/* Begin PBXBuildFile section */
		9224CD11223ABF71009128A3 /* AppDelegate.swift in Sources */ = {isa = PBXBuildFile; fileRef = 9224CD10223ABF71009128A3 /* AppDelegate.swift */; };
		9224CD13223ABF71009128A3 /* ViewController.swift in Sources */ = {isa = PBXBuildFile; fileRef = 9224CD12223ABF71009128A3 /* ViewController.swift */; };
		9224CD16223ABF71009128A3 /* Main.storyboard in Resources */ = {isa = PBXBuildFile; fileRef = 9224CD14223ABF71009128A3 /* Main.storyboard */; };
		9224CD18223ABF73009128A3 /* Assets.xcassets in Resources */ = {isa = PBXBuildFile; fileRef = 9224CD17223ABF73009128A3 /* Assets.xcassets */; };
		9224CD1B223ABF73009128A3 /* LaunchScreen.storyboard in Resources */ = {isa = PBXBuildFile; fileRef = 9224CD19223ABF73009128A3 /* LaunchScreen.storyboard */; };
		9224CD23223AC11F009128A3 /* CameraView.swift in Sources */ = {isa = PBXBuildFile; fileRef = 9224CD22223AC11F009128A3 /* CameraView.swift */; };
		9224CD25223AD78C009128A3 /* CameraFilters.swift in Sources */ = {isa = PBXBuildFile; fileRef = 9224CD24223AD78C009128A3 /* CameraFilters.swift */; };
/* End PBXBuildFile section */

/* Begin PBXFileReference section */
		9224CD0D223ABF71009128A3 /* WWDC19App.app */ = {isa = PBXFileReference; explicitFileType = wrapper.application; includeInIndex = 0; path = WWDC19App.app; sourceTree = BUILT_PRODUCTS_DIR; };
		9224CD10223ABF71009128A3 /* AppDelegate.swift */ = {isa = PBXFileReference; lastKnownFileType = sourcecode.swift; path = AppDelegate.swift; sourceTree = "<group>"; };
		9224CD12223ABF71009128A3 /* ViewController.swift */ = {isa = PBXFileReference; lastKnownFileType = sourcecode.swift; path = ViewController.swift; sourceTree = "<group>"; };
		9224CD15223ABF71009128A3 /* Base */ = {isa = PBXFileReference; lastKnownFileType = file.storyboard; name = Base; path = Base.lproj/Main.storyboard; sourceTree = "<group>"; };
		9224CD17223ABF73009128A3 /* Assets.xcassets */ = {isa = PBXFileReference; lastKnownFileType = folder.assetcatalog; path = Assets.xcassets; sourceTree = "<group>"; };
		9224CD1A223ABF73009128A3 /* Base */ = {isa = PBXFileReference; lastKnownFileType = file.storyboard; name = Base; path = Base.lproj/LaunchScreen.storyboard; sourceTree = "<group>"; };
		9224CD1C223ABF73009128A3 /* Info.plist */ = {isa = PBXFileReference; lastKnownFileType = text.plist.xml; path = Info.plist; sourceTree = "<group>"; };
		9224CD22223AC11F009128A3 /* CameraView.swift */ = {isa = PBXFileReference; lastKnownFileType = sourcecode.swift; path = CameraView.swift; sourceTree = "<group>"; };
		9224CD24223AD78C009128A3 /* CameraFilters.swift */ = {isa = PBXFileReference; lastKnownFileType = sourcecode.swift; path = CameraFilters.swift; sourceTree = "<group>"; };
/* End PBXFileReference section */

/* Begin PBXFrameworksBuildPhase section */
		9224CD0A223ABF71009128A3 /* Frameworks */ = {
			isa = PBXFrameworksBuildPhase;
			buildActionMask = 2147483647;
			files = (
			);
			runOnlyForDeploymentPostprocessing = 0;
		};
/* End PBXFrameworksBuildPhase section */

/* Begin PBXGroup section */
		9224CD04223ABF71009128A3 = {
			isa = PBXGroup;
			children = (
				9224CD0F223ABF71009128A3 /* WWDC19App */,
				9224CD0E223ABF71009128A3 /* Products */,
			);
			sourceTree = "<group>";
		};
		9224CD0E223ABF71009128A3 /* Products */ = {
			isa = PBXGroup;
			children = (
				9224CD0D223ABF71009128A3 /* WWDC19App.app */,
			);
			name = Products;
			sourceTree = "<group>";
		};
		9224CD0F223ABF71009128A3 /* WWDC19App */ = {
			isa = PBXGroup;
			children = (
				9224CD10223ABF71009128A3 /* AppDelegate.swift */,
				9224CD12223ABF71009128A3 /* ViewController.swift */,
				9224CD24223AD78C009128A3 /* CameraFilters.swift */,
				9224CD14223ABF71009128A3 /* Main.storyboard */,
				9224CD22223AC11F009128A3 /* CameraView.swift */,
				9224CD17223ABF73009128A3 /* Assets.xcassets */,
				9224CD19223ABF73009128A3 /* LaunchScreen.storyboard */,
				9224CD1C223ABF73009128A3 /* Info.plist */,
			);
			path = WWDC19App;
			sourceTree = "<group>";
		};
/* End PBXGroup section */

/* Begin PBXNativeTarget section */
		9224CD0C223ABF71009128A3 /* WWDC19App */ = {
			isa = PBXNativeTarget;
			buildConfigurationList = 9224CD1F223ABF73009128A3 /* Build configuration list for PBXNativeTarget "WWDC19App" */;
			buildPhases = (
				9224CD09223ABF71009128A3 /* Sources */,
				9224CD0A223ABF71009128A3 /* Frameworks */,
				9224CD0B223ABF71009128A3 /* Resources */,
			);
			buildRules = (
			);
			dependencies = (
			);
			name = WWDC19App;
			productName = WWDC19App;
			productReference = 9224CD0D223ABF71009128A3 /* WWDC19App.app */;
			productType = "com.apple.product-type.application";
		};
/* End PBXNativeTarget section */

/* Begin PBXProject section */
		9224CD05223ABF71009128A3 /* Project object */ = {
			isa = PBXProject;
			attributes = {
				LastSwiftUpdateCheck = 1010;
				LastUpgradeCheck = 1010;
				ORGANIZATIONNAME = "Zachary Knox";
				TargetAttributes = {
					9224CD0C223ABF71009128A3 = {
						CreatedOnToolsVersion = 10.1;
					};
				};
			};
			buildConfigurationList = 9224CD08223ABF71009128A3 /* Build configuration list for PBXProject "WWDC19App" */;
			compatibilityVersion = "Xcode 9.3";
			developmentRegion = en;
			hasScannedForEncodings = 0;
			knownRegions = (
				en,
				Base,
			);
			mainGroup = 9224CD04223ABF71009128A3;
			productRefGroup = 9224CD0E223ABF71009128A3 /* Products */;
			projectDirPath = "";
			projectRoot = "";
			targets = (
				9224CD0C223ABF71009128A3 /* WWDC19App */,
			);
		};
/* End PBXProject section */

/* Begin PBXResourcesBuildPhase section */
		9224CD0B223ABF71009128A3 /* Resources */ = {
			isa = PBXResourcesBuildPhase;
			buildActionMask = 2147483647;
			files = (
				9224CD1B223ABF73009128A3 /* LaunchScreen.storyboard in Resources */,
				9224CD18223ABF73009128A3 /* Assets.xcassets in Resources */,
				9224CD16223ABF71009128A3 /* Main.storyboard in Resources */,
			);
			runOnlyForDeploymentPostprocessing = 0;
		};
/* End PBXResourcesBuildPhase section */

/* Begin PBXSourcesBuildPhase section */
		9224CD09223ABF71009128A3 /* Sources */ = {
			isa = PBXSourcesBuildPhase;
			buildActionMask = 2147483647;
			files = (
				9224CD25223AD78C009128A3 /* CameraFilters.swift in Sources */,
				9224CD23223AC11F009128A3 /* CameraView.swift in Sources */,
				9224CD13223ABF71009128A3 /* ViewController.swift in Sources */,
				9224CD11223ABF71009128A3 /* AppDelegate.swift in Sources */,
			);
			runOnlyForDeploymentPostprocessing = 0;
		};
/* End PBXSourcesBuildPhase section */

/* Begin PBXVariantGroup section */
		9224CD14223ABF71009128A3 /* Main.storyboard */ = {
			isa = PBXVariantGroup;
			children = (
				9224CD15223ABF71009128A3 /* Base */,
			);
			name = Main.storyboard;
			sourceTree = "<group>";
		};
		9224CD19223ABF73009128A3 /* LaunchScreen.storyboard */ = {
			isa = PBXVariantGroup;
			children = (
				9224CD1A223ABF73009128A3 /* Base */,
			);
			name = LaunchScreen.storyboard;
			sourceTree = "<group>";
		};
/* End PBXVariantGroup section */

/* Begin XCBuildConfiguration section */
		9224CD1D223ABF73009128A3 /* Debug */ = {
			isa = XCBuildConfiguration;
			buildSettings = {
				ALWAYS_SEARCH_USER_PATHS = NO;
				CLANG_ANALYZER_NONNULL = YES;
				CLANG_ANALYZER_NUMBER_OBJECT_CONVERSION = YES_AGGRESSIVE;
				CLANG_CXX_LANGUAGE_STANDARD = "gnu++14";
				CLANG_CXX_LIBRARY = "libc++";
				CLANG_ENABLE_MODULES = YES;
				CLANG_ENABLE_OBJC_ARC = YES;
				CLANG_ENABLE_OBJC_WEAK = YES;
				CLANG_WARN_BLOCK_CAPTURE_AUTORELEASING = YES;
				CLANG_WARN_BOOL_CONVERSION = YES;
				CLANG_WARN_COMMA = YES;
				CLANG_WARN_CONSTANT_CONVERSION = YES;
				CLANG_WARN_DEPRECATED_OBJC_IMPLEMENTATIONS = YES;
				CLANG_WARN_DIRECT_OBJC_ISA_USAGE = YES_ERROR;
				CLANG_WARN_DOCUMENTATION_COMMENTS = YES;
				CLANG_WARN_EMPTY_BODY = YES;
				CLANG_WARN_ENUM_CONVERSION = YES;
				CLANG_WARN_INFINITE_RECURSION = YES;
				CLANG_WARN_INT_CONVERSION = YES;
				CLANG_WARN_NON_LITERAL_NULL_CONVERSION = YES;
				CLANG_WARN_OBJC_IMPLICIT_RETAIN_SELF = YES;
				CLANG_WARN_OBJC_LITERAL_CONVERSION = YES;
				CLANG_WARN_OBJC_ROOT_CLASS = YES_ERROR;
				CLANG_WARN_RANGE_LOOP_ANALYSIS = YES;
				CLANG_WARN_STRICT_PROTOTYPES = YES;
				CLANG_WARN_SUSPICIOUS_MOVE = YES;
				CLANG_WARN_UNGUARDED_AVAILABILITY = YES_AGGRESSIVE;
				CLANG_WARN_UNREACHABLE_CODE = YES;
				CLANG_WARN__DUPLICATE_METHOD_MATCH = YES;
				CODE_SIGN_IDENTITY = "iPhone Developer";
				COPY_PHASE_STRIP = NO;
				DEBUG_INFORMATION_FORMAT = dwarf;
				ENABLE_STRICT_OBJC_MSGSEND = YES;
				ENABLE_TESTABILITY = YES;
				GCC_C_LANGUAGE_STANDARD = gnu11;
				GCC_DYNAMIC_NO_PIC = NO;
				GCC_NO_COMMON_BLOCKS = YES;
				GCC_OPTIMIZATION_LEVEL = 0;
				GCC_PREPROCESSOR_DEFINITIONS = (
					"DEBUG=1",
					"$(inherited)",
				);
				GCC_WARN_64_TO_32_BIT_CONVERSION = YES;
				GCC_WARN_ABOUT_RETURN_TYPE = YES_ERROR;
				GCC_WARN_UNDECLARED_SELECTOR = YES;
				GCC_WARN_UNINITIALIZED_AUTOS = YES_AGGRESSIVE;
				GCC_WARN_UNUSED_FUNCTION = YES;
				GCC_WARN_UNUSED_VARIABLE = YES;
				IPHONEOS_DEPLOYMENT_TARGET = 12.1;
				MTL_ENABLE_DEBUG_INFO = INCLUDE_SOURCE;
				MTL_FAST_MATH = YES;
				ONLY_ACTIVE_ARCH = YES;
				SDKROOT = iphoneos;
				SWIFT_ACTIVE_COMPILATION_CONDITIONS = DEBUG;
				SWIFT_OPTIMIZATION_LEVEL = "-Onone";
			};
			name = Debug;
		};
		9224CD1E223ABF73009128A3 /* Release */ = {
			isa = XCBuildConfiguration;
			buildSettings = {
				ALWAYS_SEARCH_USER_PATHS = NO;
				CLANG_ANALYZER_NONNULL = YES;
				CLANG_ANALYZER_NUMBER_OBJECT_CONVERSION = YES_AGGRESSIVE;
				CLANG_CXX_LANGUAGE_STANDARD = "gnu++14";
				CLANG_CXX_LIBRARY = "libc++";
				CLANG_ENABLE_MODULES = YES;
				CLANG_ENABLE_OBJC_ARC = YES;
				CLANG_ENABLE_OBJC_WEAK = YES;
				CLANG_WARN_BLOCK_CAPTURE_AUTORELEASING = YES;
				CLANG_WARN_BOOL_CONVERSION = YES;
				CLANG_WARN_COMMA = YES;
				CLANG_WARN_CONSTANT_CONVERSION = YES;
				CLANG_WARN_DEPRECATED_OBJC_IMPLEMENTATIONS = YES;
				CLANG_WARN_DIRECT_OBJC_ISA_USAGE = YES_ERROR;
				CLANG_WARN_DOCUMENTATION_COMMENTS = YES;
				CLANG_WARN_EMPTY_BODY = YES;
				CLANG_WARN_ENUM_CONVERSION = YES;
				CLANG_WARN_INFINITE_RECURSION = YES;
				CLANG_WARN_INT_CONVERSION = YES;
				CLANG_WARN_NON_LITERAL_NULL_CONVERSION = YES;
				CLANG_WARN_OBJC_IMPLICIT_RETAIN_SELF = YES;
				CLANG_WARN_OBJC_LITERAL_CONVERSION = YES;
				CLANG_WARN_OBJC_ROOT_CLASS = YES_ERROR;
				CLANG_WARN_RANGE_LOOP_ANALYSIS = YES;
				CLANG_WARN_STRICT_PROTOTYPES = YES;
				CLANG_WARN_SUSPICIOUS_MOVE = YES;
				CLANG_WARN_UNGUARDED_AVAILABILITY = YES_AGGRESSIVE;
				CLANG_WARN_UNREACHABLE_CODE = YES;
				CLANG_WARN__DUPLICATE_METHOD_MATCH = YES;
				CODE_SIGN_IDENTITY = "iPhone Developer";
				COPY_PHASE_STRIP = NO;
				DEBUG_INFORMATION_FORMAT = "dwarf-with-dsym";
				ENABLE_NS_ASSERTIONS = NO;
				ENABLE_STRICT_OBJC_MSGSEND = YES;
				GCC_C_LANGUAGE_STANDARD = gnu11;
				GCC_NO_COMMON_BLOCKS = YES;
				GCC_WARN_64_TO_32_BIT_CONVERSION = YES;
				GCC_WARN_ABOUT_RETURN_TYPE = YES_ERROR;
				GCC_WARN_UNDECLARED_SELECTOR = YES;
				GCC_WARN_UNINITIALIZED_AUTOS = YES_AGGRESSIVE;
				GCC_WARN_UNUSED_FUNCTION = YES;
				GCC_WARN_UNUSED_VARIABLE = YES;
				IPHONEOS_DEPLOYMENT_TARGET = 12.1;
				MTL_ENABLE_DEBUG_INFO = NO;
				MTL_FAST_MATH = YES;
				SDKROOT = iphoneos;
				SWIFT_COMPILATION_MODE = wholemodule;
				SWIFT_OPTIMIZATION_LEVEL = "-O";
				VALIDATE_PRODUCT = YES;
			};
			name = Release;
		};
		9224CD20223ABF73009128A3 /* Debug */ = {
			isa = XCBuildConfiguration;
			buildSettings = {
				ASSETCATALOG_COMPILER_APPICON_NAME = AppIcon;
				CODE_SIGN_STYLE = Automatic;
				DEVELOPMENT_TEAM = K5MMVK2UFR;
				INFOPLIST_FILE = WWDC19App/Info.plist;
				LD_RUNPATH_SEARCH_PATHS = (
					"$(inherited)",
					"@executable_path/Frameworks",
				);
				PRODUCT_BUNDLE_IDENTIFIER = com.zachknox.WWDC19App;
				PRODUCT_NAME = "$(TARGET_NAME)";
				SWIFT_VERSION = 4.2;
				TARGETED_DEVICE_FAMILY = "1,2";
			};
			name = Debug;
		};
		9224CD21223ABF73009128A3 /* Release */ = {
			isa = XCBuildConfiguration;
			buildSettings = {
				ASSETCATALOG_COMPILER_APPICON_NAME = AppIcon;
				CODE_SIGN_STYLE = Automatic;
				DEVELOPMENT_TEAM = K5MMVK2UFR;
				INFOPLIST_FILE = WWDC19App/Info.plist;
				LD_RUNPATH_SEARCH_PATHS = (
					"$(inherited)",
					"@executable_path/Frameworks",
				);
				PRODUCT_BUNDLE_IDENTIFIER = com.zachknox.WWDC19App;
				PRODUCT_NAME = "$(TARGET_NAME)";
				SWIFT_VERSION = 4.2;
				TARGETED_DEVICE_FAMILY = "1,2";
			};
			name = Release;
		};
/* End XCBuildConfiguration section */

/* Begin XCConfigurationList section */
		9224CD08223ABF71009128A3 /* Build configuration list for PBXProject "WWDC19App" */ = {
			isa = XCConfigurationList;
			buildConfigurations = (
				9224CD1D223ABF73009128A3 /* Debug */,
				9224CD1E223ABF73009128A3 /* Release */,
			);
			defaultConfigurationIsVisible = 0;
			defaultConfigurationName = Release;
		};
		9224CD1F223ABF73009128A3 /* Build configuration list for PBXNativeTarget "WWDC19App" */ = {
			isa = XCConfigurationList;
			buildConfigurations = (
				9224CD20223ABF73009128A3 /* Debug */,
				9224CD21223ABF73009128A3 /* Release */,
			);
			defaultConfigurationIsVisible = 0;
			defaultConfigurationName = Release;
		};
/* End XCConfigurationList section */
	};
	rootObject = 9224CD05223ABF71009128A3 /* Project object */;
}
